
Microsoft Visual Studio Solution File, Format Version 12.00
# Visual Studio Version 17
VisualStudioVersion = 17.0.31903.59
MinimumVisualStudioVersion = 10.0.40219.1
Project("{FAE04EC0-301F-11D3-BF4B-00C04F79EFBC}") = "WebAPI", "WebAPI\WebAPI.csproj", "{5EAD31BE-8510-4BAA-B611-A7898D7394A0}"
EndProject
Project("{FAE04EC0-301F-11D3-BF4B-00C04F79EFBC}") = "WebAPITest", "WebAPITest\WebAPITest.csproj", "{F9C34802-432A-4074-A2DC-B89F7F31A5B0}"
EndProject
Project("{FAE04EC0-301F-11D3-BF4B-00C04F79EFBC}") = "CashbookIntegrationTest", "CashbookIntegrationTest\CashbookIntegrationTest.csproj", "{C7E376C4-F068-42B3-9DAF-722D6081E1F2}"
EndProject
Global
	GlobalSection(SolutionConfigurationPlatforms) = preSolution
		Debug|Any CPU = Debug|Any CPU
		Release|Any CPU = Release|Any CPU
	EndGlobalSection
	GlobalSection(SolutionProperties) = preSolution
		HideSolutionNode = FALSE
	EndGlobalSection
	GlobalSection(ProjectConfigurationPlatforms) = postSolution
		{5EAD31BE-8510-4BAA-B611-A7898D7394A0}.Debug|Any CPU.ActiveCfg = Debug|Any CPU
		{5EAD31BE-8510-4BAA-B611-A7898D7394A0}.Debug|Any CPU.Build.0 = Debug|Any CPU
		{5EAD31BE-8510-4BAA-B611-A7898D7394A0}.Release|Any CPU.ActiveCfg = Release|Any CPU
		{5EAD31BE-8510-4BAA-B611-A7898D7394A0}.Release|Any CPU.Build.0 = Release|Any CPU
		{F9C34802-432A-4074-A2DC-B89F7F31A5B0}.Debug|Any CPU.ActiveCfg = Debug|Any CPU
		{F9C34802-432A-4074-A2DC-B89F7F31A5B0}.Debug|Any CPU.Build.0 = Debug|Any CPU
		{F9C34802-432A-4074-A2DC-B89F7F31A5B0}.Release|Any CPU.ActiveCfg = Release|Any CPU
		{F9C34802-432A-4074-A2DC-B89F7F31A5B0}.Release|Any CPU.Build.0 = Release|Any CPU
		{C7E376C4-F068-42B3-9DAF-722D6081E1F2}.Debug|Any CPU.ActiveCfg = Debug|Any CPU
		{C7E376C4-F068-42B3-9DAF-722D6081E1F2}.Debug|Any CPU.Build.0 = Debug|Any CPU
		{C7E376C4-F068-42B3-9DAF-722D6081E1F2}.Release|Any CPU.ActiveCfg = Release|Any CPU
		{C7E376C4-F068-42B3-9DAF-722D6081E1F2}.Release|Any CPU.Build.0 = Release|Any CPU
	EndGlobalSection
EndGlobal
